<?xml version="1.0" encoding="UTF-8"?>
<!DOCTYPE plist PUBLIC "-//Apple//DTD PLIST 1.0//EN" "http://www.apple.com/DTDs/PropertyList-1.0.dtd">
<plist version="1.0">
<dict>
	<key>archiveVersion</key>
	<string>1</string>
	<key>classes</key>
	<dict/>
	<key>objectVersion</key>
	<string>46</string>
	<key>objects</key>
	<dict>
		<key>113BBD09171B0A3800BC6574</key>
		<dict>
			<key>isa</key>
			<string>PBXFileReference</string>
			<key>lastKnownFileType</key>
			<string>wrapper.framework</string>
			<key>name</key>
			<string>QuartzCore.framework</string>
			<key>path</key>
			<string>System/Library/Frameworks/QuartzCore.framework</string>
			<key>sourceTree</key>
			<string>SDKROOT</string>
		</dict>
		<key>113BBD0A171B0A3800BC6574</key>
		<dict>
			<key>fileRef</key>
			<string>113BBD09171B0A3800BC6574</string>
			<key>isa</key>
			<string>PBXBuildFile</string>
		</dict>
		<key>1487D1CF542146F8B5FBD373</key>
		<dict>
			<key>explicitFileType</key>
			<string>archive.ar</string>
			<key>includeInIndex</key>
			<string>0</string>
			<key>isa</key>
			<string>PBXFileReference</string>
			<key>path</key>
			<string>libPods.a</string>
			<key>sourceTree</key>
			<string>BUILT_PRODUCTS_DIR</string>
		</dict>
		<key>33C7148EE9E84A53A509D6DB</key>
		<dict>
			<key>includeInIndex</key>
			<string>1</string>
			<key>isa</key>
			<string>PBXFileReference</string>
			<key>lastKnownFileType</key>
			<string>text.xcconfig</string>
			<key>name</key>
			<string>Pods.xcconfig</string>
			<key>path</key>
			<string>Pods/Pods.xcconfig</string>
			<key>sourceTree</key>
			<string>&lt;group&gt;</string>
		</dict>
		<key>568854A15E5F4916BDBE8BB9</key>
		<dict>
			<key>buildActionMask</key>
			<string>2147483647</string>
			<key>files</key>
			<array/>
			<key>inputPaths</key>
			<array/>
			<key>isa</key>
			<string>PBXShellScriptBuildPhase</string>
			<key>name</key>
			<string>Copy Pods Resources</string>
			<key>outputPaths</key>
			<array/>
			<key>runOnlyForDeploymentPostprocessing</key>
			<string>0</string>
			<key>shellPath</key>
			<string>/bin/sh</string>
			<key>shellScript</key>
			<string>"${SRCROOT}/Pods/Pods-resources.sh"
</string>
			<key>showEnvVarsInLog</key>
			<string>0</string>
		</dict>
		<key>A697F31E17A02B5F003B821D</key>
		<dict>
			<key>isa</key>
			<string>PBXFileReference</string>
			<key>lastKnownFileType</key>
			<string>image.jpeg</string>
			<key>path</key>
			<string>Rover.jpg</string>
			<key>sourceTree</key>
			<string>&lt;group&gt;</string>
		</dict>
		<key>A697F31F17A02B5F003B821D</key>
		<dict>
			<key>fileRef</key>
			<string>A697F31E17A02B5F003B821D</string>
			<key>isa</key>
			<string>PBXBuildFile</string>
		</dict>
		<key>B0447B6A324D4235B356036E</key>
		<dict>
			<key>fileRef</key>
			<string>1487D1CF542146F8B5FBD373</string>
			<key>isa</key>
			<string>PBXBuildFile</string>
		</dict>
		<key>C72B5312171834E60093E24F</key>
		<dict>
			<key>children</key>
			<array>
				<string>C7E3C602171842CA00489EE2</string>
				<string>C72B5324171834E60093E24F</string>
				<string>C72B531D171834E60093E24F</string>
				<string>C72B531C171834E60093E24F</string>
				<string>33C7148EE9E84A53A509D6DB</string>
			</array>
			<key>isa</key>
			<string>PBXGroup</string>
			<key>sourceTree</key>
			<string>&lt;group&gt;</string>
		</dict>
		<key>C72B5313171834E60093E24F</key>
		<dict>
			<key>attributes</key>
			<dict>
				<key>LastUpgradeCheck</key>
				<string>0460</string>
				<key>ORGANIZATIONNAME</key>
				<string>Apping AB</string>
				<key>TargetAttributes</key>
				<dict>
					<key>C72B531A171834E60093E24F</key>
					<dict>
						<key>DevelopmentTeam</key>
						<string>V98K4C44UG</string>
					</dict>
				</dict>
			</dict>
			<key>buildConfigurationList</key>
			<string>C72B5316171834E60093E24F</string>
			<key>compatibilityVersion</key>
			<string>Xcode 3.2</string>
			<key>developmentRegion</key>
			<string>English</string>
			<key>hasScannedForEncodings</key>
			<string>0</string>
			<key>isa</key>
			<string>PBXProject</string>
			<key>knownRegions</key>
			<array>
				<string>en</string>
			</array>
			<key>mainGroup</key>
			<string>C72B5312171834E60093E24F</string>
			<key>productRefGroup</key>
			<string>C72B531C171834E60093E24F</string>
			<key>projectDirPath</key>
			<string></string>
			<key>projectReferences</key>
			<array/>
			<key>projectRoot</key>
			<string></string>
			<key>targets</key>
			<array>
				<string>C72B531A171834E60093E24F</string>
			</array>
		</dict>
		<key>C72B5316171834E60093E24F</key>
		<dict>
			<key>buildConfigurations</key>
			<array>
				<string>C72B533F171834E60093E24F</string>
				<string>C72B5340171834E60093E24F</string>
			</array>
			<key>defaultConfigurationIsVisible</key>
			<string>0</string>
			<key>defaultConfigurationName</key>
			<string>Release</string>
			<key>isa</key>
			<string>XCConfigurationList</string>
		</dict>
		<key>C72B5317171834E60093E24F</key>
		<dict>
			<key>buildActionMask</key>
			<string>2147483647</string>
			<key>files</key>
			<array>
				<string>C72B532B171834E60093E24F</string>
				<string>C72B532F171834E60093E24F</string>
				<string>C72B533B171834E60093E24F</string>
				<string>C7E3C605171842CA00489EE2</string>
			</array>
			<key>isa</key>
			<string>PBXSourcesBuildPhase</string>
			<key>runOnlyForDeploymentPostprocessing</key>
			<string>0</string>
		</dict>
		<key>C72B5318171834E60093E24F</key>
		<dict>
			<key>buildActionMask</key>
			<string>2147483647</string>
			<key>files</key>
			<array>
				<string>113BBD0A171B0A3800BC6574</string>
				<string>C72B531F171834E60093E24F</string>
				<string>C72B5321171834E60093E24F</string>
				<string>C72B5323171834E60093E24F</string>
				<string>B0447B6A324D4235B356036E</string>
			</array>
			<key>isa</key>
			<string>PBXFrameworksBuildPhase</string>
			<key>runOnlyForDeploymentPostprocessing</key>
			<string>0</string>
		</dict>
		<key>C72B5319171834E60093E24F</key>
		<dict>
			<key>buildActionMask</key>
			<string>2147483647</string>
			<key>files</key>
			<array>
				<string>C72B5329171834E60093E24F</string>
				<string>C72B5331171834E60093E24F</string>
				<string>C72B5333171834E60093E24F</string>
				<string>C72B5335171834E60093E24F</string>
				<string>C72B5338171834E60093E24F</string>
				<string>C7E3C5FF17183E4500489EE2</string>
				<string>A697F31F17A02B5F003B821D</string>
			</array>
			<key>isa</key>
			<string>PBXResourcesBuildPhase</string>
			<key>runOnlyForDeploymentPostprocessing</key>
			<string>0</string>
		</dict>
		<key>C72B531A171834E60093E24F</key>
		<dict>
			<key>buildConfigurationList</key>
			<string>C72B5341171834E60093E24F</string>
			<key>buildPhases</key>
			<array>
				<string>EC203B1DF10846C5936DC33A</string>
				<string>C72B5317171834E60093E24F</string>
				<string>C72B5318171834E60093E24F</string>
				<string>C72B5319171834E60093E24F</string>
				<string>568854A15E5F4916BDBE8BB9</string>
			</array>
			<key>buildRules</key>
			<array/>
			<key>dependencies</key>
			<array/>
			<key>isa</key>
			<string>PBXNativeTarget</string>
			<key>name</key>
			<string>APParallaxHeaderDemo</string>
			<key>productName</key>
			<string>APParallaxHeaderDemo</string>
			<key>productReference</key>
			<string>C72B531B171834E60093E24F</string>
			<key>productType</key>
			<string>com.apple.product-type.application</string>
		</dict>
		<key>C72B531B171834E60093E24F</key>
		<dict>
			<key>explicitFileType</key>
			<string>wrapper.application</string>
			<key>includeInIndex</key>
			<string>0</string>
			<key>isa</key>
			<string>PBXFileReference</string>
			<key>path</key>
			<string>APParallaxHeaderDemo.app</string>
			<key>sourceTree</key>
			<string>BUILT_PRODUCTS_DIR</string>
		</dict>
		<key>C72B531C171834E60093E24F</key>
		<dict>
			<key>children</key>
			<array>
				<string>C72B531B171834E60093E24F</string>
			</array>
			<key>isa</key>
			<string>PBXGroup</string>
			<key>name</key>
			<string>Products</string>
			<key>sourceTree</key>
			<string>&lt;group&gt;</string>
		</dict>
		<key>C72B531D171834E60093E24F</key>
		<dict>
			<key>children</key>
			<array>
				<string>113BBD09171B0A3800BC6574</string>
				<string>C72B531E171834E60093E24F</string>
				<string>C72B5320171834E60093E24F</string>
				<string>C72B5322171834E60093E24F</string>
				<string>1487D1CF542146F8B5FBD373</string>
			</array>
			<key>isa</key>
			<string>PBXGroup</string>
			<key>name</key>
			<string>Frameworks</string>
			<key>sourceTree</key>
			<string>&lt;group&gt;</string>
		</dict>
		<key>C72B531E171834E60093E24F</key>
		<dict>
			<key>isa</key>
			<string>PBXFileReference</string>
			<key>lastKnownFileType</key>
			<string>wrapper.framework</string>
			<key>name</key>
			<string>UIKit.framework</string>
			<key>path</key>
			<string>System/Library/Frameworks/UIKit.framework</string>
			<key>sourceTree</key>
			<string>SDKROOT</string>
		</dict>
		<key>C72B531F171834E60093E24F</key>
		<dict>
			<key>fileRef</key>
			<string>C72B531E171834E60093E24F</string>
			<key>isa</key>
			<string>PBXBuildFile</string>
		</dict>
		<key>C72B5320171834E60093E24F</key>
		<dict>
			<key>isa</key>
			<string>PBXFileReference</string>
			<key>lastKnownFileType</key>
			<string>wrapper.framework</string>
			<key>name</key>
			<string>Foundation.framework</string>
			<key>path</key>
			<string>System/Library/Frameworks/Foundation.framework</string>
			<key>sourceTree</key>
			<string>SDKROOT</string>
		</dict>
		<key>C72B5321171834E60093E24F</key>
		<dict>
			<key>fileRef</key>
			<string>C72B5320171834E60093E24F</string>
			<key>isa</key>
			<string>PBXBuildFile</string>
		</dict>
		<key>C72B5322171834E60093E24F</key>
		<dict>
			<key>isa</key>
			<string>PBXFileReference</string>
			<key>lastKnownFileType</key>
			<string>wrapper.framework</string>
			<key>name</key>
			<string>CoreGraphics.framework</string>
			<key>path</key>
			<string>System/Library/Frameworks/CoreGraphics.framework</string>
			<key>sourceTree</key>
			<string>SDKROOT</string>
		</dict>
		<key>C72B5323171834E60093E24F</key>
		<dict>
			<key>fileRef</key>
			<string>C72B5322171834E60093E24F</string>
			<key>isa</key>
			<string>PBXBuildFile</string>
		</dict>
		<key>C72B5324171834E60093E24F</key>
		<dict>
			<key>children</key>
			<array>
				<string>C72B532D171834E60093E24F</string>
				<string>C72B532E171834E60093E24F</string>
				<string>C72B5336171834E60093E24F</string>
				<string>C72B5339171834E60093E24F</string>
				<string>C72B533A171834E60093E24F</string>
				<string>C72B5325171834E60093E24F</string>
			</array>
			<key>isa</key>
			<string>PBXGroup</string>
			<key>path</key>
			<string>APParallaxHeaderDemo</string>
			<key>sourceTree</key>
			<string>&lt;group&gt;</string>
		</dict>
		<key>C72B5325171834E60093E24F</key>
		<dict>
			<key>children</key>
			<array>
				<string>A697F31E17A02B5F003B821D</string>
				<string>C7E3C5FE17183E4500489EE2</string>
				<string>C72B5326171834E60093E24F</string>
				<string>C72B5327171834E60093E24F</string>
				<string>C72B532A171834E60093E24F</string>
				<string>C72B532C171834E60093E24F</string>
				<string>C72B5330171834E60093E24F</string>
				<string>C72B5332171834E60093E24F</string>
				<string>C72B5334171834E60093E24F</string>
			</array>
			<key>isa</key>
			<string>PBXGroup</string>
			<key>name</key>
			<string>Supporting Files</string>
			<key>sourceTree</key>
			<string>&lt;group&gt;</string>
		</dict>
		<key>C72B5326171834E60093E24F</key>
		<dict>
			<key>isa</key>
			<string>PBXFileReference</string>
			<key>lastKnownFileType</key>
			<string>text.plist.xml</string>
			<key>path</key>
			<string>APParallaxHeaderDemo-Info.plist</string>
			<key>sourceTree</key>
			<string>&lt;group&gt;</string>
		</dict>
		<key>C72B5327171834E60093E24F</key>
		<dict>
			<key>children</key>
			<array>
				<string>C72B5328171834E60093E24F</string>
			</array>
			<key>isa</key>
			<string>PBXVariantGroup</string>
			<key>name</key>
			<string>InfoPlist.strings</string>
			<key>sourceTree</key>
			<string>&lt;group&gt;</string>
		</dict>
		<key>C72B5328171834E60093E24F</key>
		<dict>
			<key>isa</key>
			<string>PBXFileReference</string>
			<key>lastKnownFileType</key>
			<string>text.plist.strings</string>
			<key>name</key>
			<string>en</string>
			<key>path</key>
			<string>en.lproj/InfoPlist.strings</string>
			<key>sourceTree</key>
			<string>&lt;group&gt;</string>
		</dict>
		<key>C72B5329171834E60093E24F</key>
		<dict>
			<key>fileRef</key>
			<string>C72B5327171834E60093E24F</string>
			<key>isa</key>
			<string>PBXBuildFile</string>
		</dict>
		<key>C72B532A171834E60093E24F</key>
		<dict>
			<key>isa</key>
			<string>PBXFileReference</string>
			<key>lastKnownFileType</key>
			<string>sourcecode.c.objc</string>
			<key>path</key>
			<string>main.m</string>
			<key>sourceTree</key>
			<string>&lt;group&gt;</string>
		</dict>
		<key>C72B532B171834E60093E24F</key>
		<dict>
			<key>fileRef</key>
			<string>C72B532A171834E60093E24F</string>
			<key>isa</key>
			<string>PBXBuildFile</string>
		</dict>
		<key>C72B532C171834E60093E24F</key>
		<dict>
			<key>isa</key>
			<string>PBXFileReference</string>
			<key>lastKnownFileType</key>
			<string>sourcecode.c.h</string>
			<key>path</key>
			<string>APParallaxHeaderDemo-Prefix.pch</string>
			<key>sourceTree</key>
			<string>&lt;group&gt;</string>
		</dict>
		<key>C72B532D171834E60093E24F</key>
		<dict>
			<key>isa</key>
			<string>PBXFileReference</string>
			<key>lastKnownFileType</key>
			<string>sourcecode.c.h</string>
			<key>path</key>
			<string>AppDelegate.h</string>
			<key>sourceTree</key>
			<string>&lt;group&gt;</string>
		</dict>
		<key>C72B532E171834E60093E24F</key>
		<dict>
			<key>isa</key>
			<string>PBXFileReference</string>
			<key>lastKnownFileType</key>
			<string>sourcecode.c.objc</string>
			<key>path</key>
			<string>AppDelegate.m</string>
			<key>sourceTree</key>
			<string>&lt;group&gt;</string>
		</dict>
		<key>C72B532F171834E60093E24F</key>
		<dict>
			<key>fileRef</key>
			<string>C72B532E171834E60093E24F</string>
			<key>isa</key>
			<string>PBXBuildFile</string>
		</dict>
		<key>C72B5330171834E60093E24F</key>
		<dict>
			<key>isa</key>
			<string>PBXFileReference</string>
			<key>lastKnownFileType</key>
			<string>image.png</string>
			<key>path</key>
			<string>Default.png</string>
			<key>sourceTree</key>
			<string>&lt;group&gt;</string>
		</dict>
		<key>C72B5331171834E60093E24F</key>
		<dict>
			<key>fileRef</key>
			<string>C72B5330171834E60093E24F</string>
			<key>isa</key>
			<string>PBXBuildFile</string>
		</dict>
		<key>C72B5332171834E60093E24F</key>
		<dict>
			<key>isa</key>
			<string>PBXFileReference</string>
			<key>lastKnownFileType</key>
			<string>image.png</string>
			<key>path</key>
			<string>Default@2x.png</string>
			<key>sourceTree</key>
			<string>&lt;group&gt;</string>
		</dict>
		<key>C72B5333171834E60093E24F</key>
		<dict>
			<key>fileRef</key>
			<string>C72B5332171834E60093E24F</string>
			<key>isa</key>
			<string>PBXBuildFile</string>
		</dict>
		<key>C72B5334171834E60093E24F</key>
		<dict>
			<key>isa</key>
			<string>PBXFileReference</string>
			<key>lastKnownFileType</key>
			<string>image.png</string>
			<key>path</key>
			<string>Default-568h@2x.png</string>
			<key>sourceTree</key>
			<string>&lt;group&gt;</string>
		</dict>
		<key>C72B5335171834E60093E24F</key>
		<dict>
			<key>fileRef</key>
			<string>C72B5334171834E60093E24F</string>
			<key>isa</key>
			<string>PBXBuildFile</string>
		</dict>
		<key>C72B5336171834E60093E24F</key>
		<dict>
			<key>children</key>
			<array>
				<string>C72B5337171834E60093E24F</string>
			</array>
			<key>isa</key>
			<string>PBXVariantGroup</string>
			<key>name</key>
			<string>MainStoryboard.storyboard</string>
			<key>sourceTree</key>
			<string>&lt;group&gt;</string>
		</dict>
		<key>C72B5337171834E60093E24F</key>
		<dict>
			<key>isa</key>
			<string>PBXFileReference</string>
			<key>lastKnownFileType</key>
			<string>file.storyboard</string>
			<key>name</key>
			<string>en</string>
			<key>path</key>
			<string>en.lproj/MainStoryboard.storyboard</string>
			<key>sourceTree</key>
			<string>&lt;group&gt;</string>
		</dict>
		<key>C72B5338171834E60093E24F</key>
		<dict>
			<key>fileRef</key>
			<string>C72B5336171834E60093E24F</string>
			<key>isa</key>
			<string>PBXBuildFile</string>
		</dict>
		<key>C72B5339171834E60093E24F</key>
		<dict>
			<key>isa</key>
			<string>PBXFileReference</string>
			<key>lastKnownFileType</key>
			<string>sourcecode.c.h</string>
			<key>path</key>
			<string>MasterViewController.h</string>
			<key>sourceTree</key>
			<string>&lt;group&gt;</string>
		</dict>
		<key>C72B533A171834E60093E24F</key>
		<dict>
			<key>isa</key>
			<string>PBXFileReference</string>
			<key>lastKnownFileType</key>
			<string>sourcecode.c.objc</string>
			<key>path</key>
			<string>MasterViewController.m</string>
			<key>sourceTree</key>
			<string>&lt;group&gt;</string>
		</dict>
		<key>C72B533B171834E60093E24F</key>
		<dict>
			<key>fileRef</key>
			<string>C72B533A171834E60093E24F</string>
			<key>isa</key>
			<string>PBXBuildFile</string>
		</dict>
		<key>C72B533F171834E60093E24F</key>
		<dict>
			<key>buildSettings</key>
			<dict>
				<key>ALWAYS_SEARCH_USER_PATHS</key>
				<string>NO</string>
				<key>CLANG_CXX_LANGUAGE_STANDARD</key>
				<string>gnu++0x</string>
				<key>CLANG_CXX_LIBRARY</key>
				<string>libc++</string>
				<key>CLANG_ENABLE_OBJC_ARC</key>
				<string>YES</string>
				<key>CLANG_WARN_CONSTANT_CONVERSION</key>
				<string>YES</string>
				<key>CLANG_WARN_EMPTY_BODY</key>
				<string>YES</string>
				<key>CLANG_WARN_ENUM_CONVERSION</key>
				<string>YES</string>
				<key>CLANG_WARN_INT_CONVERSION</key>
				<string>YES</string>
				<key>CLANG_WARN__DUPLICATE_METHOD_MATCH</key>
				<string>YES</string>
				<key>CODE_SIGN_IDENTITY[sdk=iphoneos*]</key>
				<string>iPhone Developer</string>
				<key>COPY_PHASE_STRIP</key>
				<string>NO</string>
				<key>GCC_C_LANGUAGE_STANDARD</key>
				<string>gnu99</string>
				<key>GCC_DYNAMIC_NO_PIC</key>
				<string>NO</string>
				<key>GCC_OPTIMIZATION_LEVEL</key>
				<string>0</string>
				<key>GCC_PREPROCESSOR_DEFINITIONS</key>
				<array>
					<string>DEBUG=1</string>
					<string>$(inherited)</string>
				</array>
				<key>GCC_SYMBOLS_PRIVATE_EXTERN</key>
				<string>NO</string>
				<key>GCC_WARN_ABOUT_RETURN_TYPE</key>
				<string>YES</string>
				<key>GCC_WARN_UNINITIALIZED_AUTOS</key>
				<string>YES</string>
				<key>GCC_WARN_UNUSED_VARIABLE</key>
				<string>YES</string>
				<key>IPHONEOS_DEPLOYMENT_TARGET</key>
				<string>6.1</string>
				<key>ONLY_ACTIVE_ARCH</key>
				<string>YES</string>
				<key>SDKROOT</key>
				<string>iphoneos</string>
			</dict>
			<key>isa</key>
			<string>XCBuildConfiguration</string>
			<key>name</key>
			<string>Debug</string>
		</dict>
		<key>C72B5340171834E60093E24F</key>
		<dict>
			<key>buildSettings</key>
			<dict>
				<key>ALWAYS_SEARCH_USER_PATHS</key>
				<string>NO</string>
				<key>CLANG_CXX_LANGUAGE_STANDARD</key>
				<string>gnu++0x</string>
				<key>CLANG_CXX_LIBRARY</key>
				<string>libc++</string>
				<key>CLANG_ENABLE_OBJC_ARC</key>
				<string>YES</string>
				<key>CLANG_WARN_CONSTANT_CONVERSION</key>
				<string>YES</string>
				<key>CLANG_WARN_EMPTY_BODY</key>
				<string>YES</string>
				<key>CLANG_WARN_ENUM_CONVERSION</key>
				<string>YES</string>
				<key>CLANG_WARN_INT_CONVERSION</key>
				<string>YES</string>
				<key>CLANG_WARN__DUPLICATE_METHOD_MATCH</key>
				<string>YES</string>
				<key>CODE_SIGN_IDENTITY[sdk=iphoneos*]</key>
				<string>iPhone Developer</string>
				<key>COPY_PHASE_STRIP</key>
				<string>YES</string>
				<key>GCC_C_LANGUAGE_STANDARD</key>
				<string>gnu99</string>
				<key>GCC_WARN_ABOUT_RETURN_TYPE</key>
				<string>YES</string>
				<key>GCC_WARN_UNINITIALIZED_AUTOS</key>
				<string>YES</string>
				<key>GCC_WARN_UNUSED_VARIABLE</key>
				<string>YES</string>
				<key>IPHONEOS_DEPLOYMENT_TARGET</key>
				<string>6.1</string>
				<key>OTHER_CFLAGS</key>
				<string>-DNS_BLOCK_ASSERTIONS=1</string>
				<key>SDKROOT</key>
				<string>iphoneos</string>
				<key>VALIDATE_PRODUCT</key>
				<string>YES</string>
			</dict>
			<key>isa</key>
			<string>XCBuildConfiguration</string>
			<key>name</key>
			<string>Release</string>
		</dict>
		<key>C72B5341171834E60093E24F</key>
		<dict>
			<key>buildConfigurations</key>
			<array>
				<string>C72B5342171834E60093E24F</string>
				<string>C72B5343171834E60093E24F</string>
			</array>
			<key>defaultConfigurationIsVisible</key>
			<string>0</string>
			<key>defaultConfigurationName</key>
			<string>Release</string>
			<key>isa</key>
			<string>XCConfigurationList</string>
		</dict>
		<key>C72B5342171834E60093E24F</key>
		<dict>
			<key>baseConfigurationReference</key>
			<string>33C7148EE9E84A53A509D6DB</string>
			<key>buildSettings</key>
			<dict>
				<key>CODE_SIGN_IDENTITY</key>
				<string>iPhone Developer</string>
				<key>CODE_SIGN_IDENTITY[sdk=iphoneos*]</key>
				<string>iPhone Developer</string>
				<key>GCC_PRECOMPILE_PREFIX_HEADER</key>
				<string>YES</string>
				<key>GCC_PREFIX_HEADER</key>
				<string>APParallaxHeaderDemo/APParallaxHeaderDemo-Prefix.pch</string>
				<key>INFOPLIST_FILE</key>
				<string>APParallaxHeaderDemo/APParallaxHeaderDemo-Info.plist</string>
				<key>IPHONEOS_DEPLOYMENT_TARGET</key>
				<string>6.1</string>
				<key>PRODUCT_NAME</key>
				<string>$(TARGET_NAME)</string>
				<key>PROVISIONING_PROFILE</key>
				<string></string>
				<key>WRAPPER_EXTENSION</key>
				<string>app</string>
			</dict>
			<key>isa</key>
			<string>XCBuildConfiguration</string>
			<key>name</key>
			<string>Debug</string>
		</dict>
		<key>C72B5343171834E60093E24F</key>
		<dict>
			<key>baseConfigurationReference</key>
			<string>33C7148EE9E84A53A509D6DB</string>
			<key>buildSettings</key>
			<dict>
				<key>CODE_SIGN_IDENTITY</key>
				<string>iPhone Developer</string>
				<key>CODE_SIGN_IDENTITY[sdk=iphoneos*]</key>
				<string>iPhone Developer</string>
				<key>GCC_PRECOMPILE_PREFIX_HEADER</key>
				<string>YES</string>
				<key>GCC_PREFIX_HEADER</key>
				<string>APParallaxHeaderDemo/APParallaxHeaderDemo-Prefix.pch</string>
				<key>INFOPLIST_FILE</key>
				<string>APParallaxHeaderDemo/APParallaxHeaderDemo-Info.plist</string>
				<key>IPHONEOS_DEPLOYMENT_TARGET</key>
				<string>6.1</string>
				<key>PRODUCT_NAME</key>
				<string>$(TARGET_NAME)</string>
				<key>PROVISIONING_PROFILE</key>
				<string></string>
				<key>WRAPPER_EXTENSION</key>
				<string>app</string>
			</dict>
			<key>isa</key>
			<string>XCBuildConfiguration</string>
			<key>name</key>
			<string>Release</string>
		</dict>
		<key>C7E3C5FE17183E4500489EE2</key>
		<dict>
			<key>isa</key>
			<string>PBXFileReference</string>
			<key>lastKnownFileType</key>
			<string>image.jpeg</string>
			<key>path</key>
			<string>ParallaxImage.jpg</string>
			<key>sourceTree</key>
			<string>&lt;group&gt;</string>
		</dict>
		<key>C7E3C5FF17183E4500489EE2</key>
		<dict>
			<key>fileRef</key>
			<string>C7E3C5FE17183E4500489EE2</string>
			<key>isa</key>
			<string>PBXBuildFile</string>
		</dict>
		<key>C7E3C602171842CA00489EE2</key>
		<dict>
			<key>children</key>
			<array>
				<string>C7E3C603171842CA00489EE2</string>
				<string>C7E3C604171842CA00489EE2</string>
			</array>
			<key>isa</key>
			<string>PBXGroup</string>
			<key>name</key>
			<string>APParallaxHeader</string>
			<key>path</key>
			<string>../APParallaxHeader</string>
			<key>sourceTree</key>
			<string>&lt;group&gt;</string>
		</dict>
		<key>C7E3C603171842CA00489EE2</key>
		<dict>
			<key>fileEncoding</key>
			<string>4</string>
			<key>isa</key>
			<string>PBXFileReference</string>
			<key>lastKnownFileType</key>
			<string>sourcecode.c.h</string>
			<key>path</key>
			<string>UIScrollView+APParallaxHeader.h</string>
			<key>sourceTree</key>
			<string>&lt;group&gt;</string>
		</dict>
		<key>C7E3C604171842CA00489EE2</key>
		<dict>
			<key>fileEncoding</key>
			<string>4</string>
			<key>isa</key>
			<string>PBXFileReference</string>
			<key>lastKnownFileType</key>
			<string>sourcecode.c.objc</string>
			<key>path</key>
			<string>UIScrollView+APParallaxHeader.m</string>
			<key>sourceTree</key>
			<string>&lt;group&gt;</string>
		</dict>
		<key>C7E3C605171842CA00489EE2</key>
		<dict>
			<key>fileRef</key>
			<string>C7E3C604171842CA00489EE2</string>
			<key>isa</key>
			<string>PBXBuildFile</string>
		</dict>
		<key>EC203B1DF10846C5936DC33A</key>
		<dict>
			<key>buildActionMask</key>
			<string>2147483647</string>
			<key>files</key>
			<array/>
			<key>inputPaths</key>
			<array/>
			<key>isa</key>
			<string>PBXShellScriptBuildPhase</string>
			<key>name</key>
			<string>Check Pods Manifest.lock</string>
			<key>outputPaths</key>
			<array/>
			<key>runOnlyForDeploymentPostprocessing</key>
			<string>0</string>
			<key>shellPath</key>
			<string>/bin/sh</string>
			<key>shellScript</key>
			<string>diff "${PODS_ROOT}/../Podfile.lock" "${PODS_ROOT}/Manifest.lock" &gt; /dev/null
if [[ $? != 0 ]] ; then
    cat &lt;&lt; EOM
error: The sandbox is not in sync with the Podfile.lock. Run 'pod install' or update your CocoaPods installation.
EOM
    exit 1
fi
</string>
			<key>showEnvVarsInLog</key>
			<string>0</string>
		</dict>
	</dict>
	<key>rootObject</key>
	<string>C72B5313171834E60093E24F</string>
</dict>
</plist>
